
Microsoft Visual Studio Solution File, Format Version 12.00
# Visual Studio Version 16
VisualStudioVersion = 16.0.29418.71
MinimumVisualStudioVersion = 10.0.40219.1
Project("{9A19103F-16F7-4668-BE54-9A1E7A4F7556}") = "Homework", "Homework1\Homework.csproj", "{9AEB5FA5-EF0A-4661-951F-3CC6B671ADF2}"
EndProject
Project("{9A19103F-16F7-4668-BE54-9A1E7A4F7556}") = "Homework.Tests", "Homework.Tests\Homework.Tests.csproj", "{7251BDA2-D752-4E09-A306-74BAFAC46B4C}"
EndProject
Global
	GlobalSection(SolutionConfigurationPlatforms) = preSolution
		Debug|Any CPU = Debug|Any CPU
		Release|Any CPU = Release|Any CPU
	EndGlobalSection
	GlobalSection(ProjectConfigurationPlatforms) = postSolution
		{9AEB5FA5-EF0A-4661-951F-3CC6B671ADF2}.Debug|Any CPU.ActiveCfg = Debug|Any CPU
		{9AEB5FA5-EF0A-4661-951F-3CC6B671ADF2}.Debug|Any CPU.Build.0 = Debug|Any CPU
		{9AEB5FA5-EF0A-4661-951F-3CC6B671ADF2}.Release|Any CPU.ActiveCfg = Release|Any CPU
		{9AEB5FA5-EF0A-4661-951F-3CC6B671ADF2}.Release|Any CPU.Build.0 = Release|Any CPU
		{7251BDA2-D752-4E09-A306-74BAFAC46B4C}.Debug|Any CPU.ActiveCfg = Debug|Any CPU
		{7251BDA2-D752-4E09-A306-74BAFAC46B4C}.Debug|Any CPU.Build.0 = Debug|Any CPU
		{7251BDA2-D752-4E09-A306-74BAFAC46B4C}.Release|Any CPU.ActiveCfg = Release|Any CPU
		{7251BDA2-D752-4E09-A306-74BAFAC46B4C}.Release|Any CPU.Build.0 = Release|Any CPU
	EndGlobalSection
	GlobalSection(SolutionProperties) = preSolution
		HideSolutionNode = FALSE
	EndGlobalSection
	GlobalSection(ExtensibilityGlobals) = postSolution
		SolutionGuid = {640C9343-F341-4E83-BA09-14E8FF37CC62}
	EndGlobalSection
EndGlobal
